Microsoft Visual Studio Solution File, Format Version 12.00
# Visual Studio 2012
Project("{FAE04EC0-301F-11D3-BF4B-00C04F79EFBC}") = "Spectator", "Spectator.csproj", "{97DE6E94-A212-4C51-AE23-28509EF3F5D5}"
EndProject
Global
	GlobalSection(SolutionConfigurationPlatforms) = preSolution
	Debug|Any CPU = Debug|Any CPU
	ExportDebug|Any CPU = ExportDebug|Any CPU
	ExportRelease|Any CPU = ExportRelease|Any CPU
	EndGlobalSection
	GlobalSection(ProjectConfigurationPlatforms) = postSolution
		{97DE6E94-A212-4C51-AE23-28509EF3F5D5}.Debug|Any CPU.ActiveCfg = Debug|Any CPU
		{97DE6E94-A212-4C51-AE23-28509EF3F5D5}.Debug|Any CPU.Build.0 = Debug|Any CPU
		{97DE6E94-A212-4C51-AE23-28509EF3F5D5}.ExportDebug|Any CPU.ActiveCfg = ExportDebug|Any CPU
		{97DE6E94-A212-4C51-AE23-28509EF3F5D5}.ExportDebug|Any CPU.Build.0 = ExportDebug|Any CPU
		{97DE6E94-A212-4C51-AE23-28509EF3F5D5}.ExportRelease|Any CPU.ActiveCfg = ExportRelease|Any CPU
		{97DE6E94-A212-4C51-AE23-28509EF3F5D5}.ExportRelease|Any CPU.Build.0 = ExportRelease|Any CPU
	EndGlobalSection
EndGlobal
